
Microsoft Visual Studio Solution File, Format Version 12.00
# Visual Studio Version 17
VisualStudioVersion = 17.0.32014.148
MinimumVisualStudioVersion = 10.0.40219.1
Project("{FAE04EC0-301F-11D3-BF4B-00C04F79EFBC}") = "Weather.Cli", "Weather.Cli\Weather.Cli.csproj", "{C3B1A71D-8F53-4494-944A-4B679B58C441}"
EndProject
Global
	GlobalSection(SolutionConfigurationPlatforms) = preSolution
		Debug|Any CPU = Debug|Any CPU
		Release|Any CPU = Release|Any CPU
	EndGlobalSection
	GlobalSection(ProjectConfigurationPlatforms) = postSolution
		{C3B1A71D-8F53-4494-944A-4B679B58C441}.Debug|Any CPU.ActiveCfg = Debug|Any CPU
		{C3B1A71D-8F53-4494-944A-4B679B58C441}.Debug|Any CPU.Build.0 = Debug|Any CPU
		{C3B1A71D-8F53-4494-944A-4B679B58C441}.Release|Any CPU.ActiveCfg = Release|Any CPU
		{C3B1A71D-8F53-4494-944A-4B679B58C441}.Release|Any CPU.Build.0 = Release|Any CPU
	EndGlobalSection
	GlobalSection(SolutionProperties) = preSolution
		HideSolutionNode = FALSE
	EndGlobalSection
	GlobalSection(ExtensibilityGlobals) = postSolution
		SolutionGuid = {013D5162-99A3-4C86-A65D-B3797EADAE51}
	EndGlobalSection
EndGlobal
